{
  "nodes": {
    "aquamarine": {
      "inputs": {
        "hyprutils": [
          "hyprlauncher",
          "hyprutils"
        ],
        "hyprwayland-scanner": [
          "hyprlauncher",
          "hyprwayland-scanner"
        ],
        "nixpkgs": [
          "hyprlauncher",
          "nixpkgs"
        ],
        "systems": [
          "hyprlauncher",
          "systems"
        ]
      },
      "locked": {
        "lastModified": 1762356719,
        "narHash": "sha256-qwd/xdoOya1m8FENle+4hWnydCtlXUWLAW/Auk6WL7s=",
        "owner": "hyprwm",
        "repo": "aquamarine",
        "rev": "6d0b3567584691bf9d8fedb5d0093309e2f979c7",
        "type": "github"
      },
      "original": {
        "owner": "hyprwm",
        "repo": "aquamarine",
        "type": "github"
      }
    },
    "aquamarine_2": {
      "inputs": {
        "hyprutils": [
          "hyprtoolkit",
          "hyprutils"
        ],
        "hyprwayland-scanner": [
          "hyprtoolkit",
          "hyprwayland-scanner"
        ],
        "nixpkgs": [
          "hyprtoolkit",
          "nixpkgs"
        ],
        "systems": [
          "hyprtoolkit",
          "systems"
        ]
      },
      "locked": {
        "lastModified": 1764370710,
        "narHash": "sha256-7iZklFmziy6Vn5ZFy9mvTSuFopp3kJNuPxL5QAvtmFQ=",
        "owner": "hyprwm",
        "repo": "aquamarine",
        "rev": "561ae7fbe1ca15dfd908262ec815bf21a13eef63",
        "type": "github"
      },
      "original": {
        "owner": "hyprwm",
        "repo": "aquamarine",
        "type": "github"
      }
    },
    "home-manager": {
      "inputs": {
        "nixpkgs": [
          "nixpkgs"
        ]
      },
      "locked": {
        "lastModified": 1766949189,
        "narHash": "sha256-t4lRzHDaAvSNIPcZO4NrjnfeYv+Yvr2BUWkUnoCbuzs=",
        "owner": "nix-community",
        "repo": "home-manager",
        "rev": "398bc87bc89fc05a3c3731884b16e819c52e2b00",
        "type": "github"
      },
      "original": {
        "owner": "nix-community",
        "repo": "home-manager",
        "type": "github"
      }
    },
    "hyprgraphics": {
      "inputs": {
        "hyprutils": [
          "hyprlauncher",
          "hyprutils"
        ],
        "nixpkgs": [
          "hyprlauncher",
          "nixpkgs"
        ],
        "systems": [
          "hyprlauncher",
          "systems"
        ]
      },
      "locked": {
        "lastModified": 1762462052,
        "narHash": "sha256-6roLYzcDf4V38RUMSqycsOwAnqfodL6BmhRkUtwIgdA=",
        "owner": "hyprwm",
        "repo": "hyprgraphics",
        "rev": "ffc999d980c7b3bca85d3ebd0a9fbadf984a8162",
        "type": "github"
      },
      "original": {
        "owner": "hyprwm",
        "repo": "hyprgraphics",
        "type": "github"
      }
    },
    "hyprgraphics_2": {
      "inputs": {
        "hyprutils": [
          "hyprtoolkit",
          "hyprutils"
        ],
        "nixpkgs": [
          "hyprtoolkit",
          "nixpkgs"
        ],
        "systems": [
          "hyprtoolkit",
          "systems"
        ]
      },
      "locked": {
        "lastModified": 1766946335,
        "narHash": "sha256-MRD+Jr2bY11MzNDfenENhiK6pvN+nHygxdHoHbZ1HtE=",
        "owner": "hyprwm",
        "repo": "hyprgraphics",
        "rev": "4af02a3925b454deb1c36603843da528b67ded6c",
        "type": "github"
      },
      "original": {
        "owner": "hyprwm",
        "repo": "hyprgraphics",
        "type": "github"
      }
    },
    "hyprlang": {
      "inputs": {
        "hyprutils": [
          "hyprlauncher",
          "hyprutils"
        ],
        "nixpkgs": [
          "hyprlauncher",
          "nixpkgs"
        ],
        "systems": [
          "hyprlauncher",
          "systems"
        ]
      },
      "locked": {
        "lastModified": 1758927902,
        "narHash": "sha256-LZgMds7M94+vuMql2bERQ6LiFFdhgsEFezE4Vn+Ys3A=",
        "owner": "hyprwm",
        "repo": "hyprlang",
        "rev": "4dafa28d4f79877d67a7d1a654cddccf8ebf15da",
        "type": "github"
      },
      "original": {
        "owner": "hyprwm",
        "repo": "hyprlang",
        "type": "github"
      }
    },
    "hyprlang_2": {
      "inputs": {
        "hyprutils": [
          "hyprlauncher",
          "hyprtoolkit",
          "hyprutils"
        ],
        "nixpkgs": [
          "hyprlauncher",
          "hyprtoolkit",
          "nixpkgs"
        ],
        "systems": [
          "hyprlauncher",
          "hyprtoolkit",
          "systems"
        ]
      },
      "locked": {
        "lastModified": 1758927902,
        "narHash": "sha256-LZgMds7M94+vuMql2bERQ6LiFFdhgsEFezE4Vn+Ys3A=",
        "owner": "hyprwm",
        "repo": "hyprlang",
        "rev": "4dafa28d4f79877d67a7d1a654cddccf8ebf15da",
        "type": "github"
      },
      "original": {
        "owner": "hyprwm",
        "repo": "hyprlang",
        "type": "github"
      }
    },
    "hyprlang_3": {
      "inputs": {
        "hyprutils": [
          "hyprtoolkit",
          "hyprutils"
        ],
        "nixpkgs": [
          "hyprtoolkit",
          "nixpkgs"
        ],
        "systems": [
          "hyprtoolkit",
          "systems"
        ]
      },
      "locked": {
        "lastModified": 1758927902,
        "narHash": "sha256-LZgMds7M94+vuMql2bERQ6LiFFdhgsEFezE4Vn+Ys3A=",
        "owner": "hyprwm",
        "repo": "hyprlang",
        "rev": "4dafa28d4f79877d67a7d1a654cddccf8ebf15da",
        "type": "github"
      },
      "original": {
        "owner": "hyprwm",
        "repo": "hyprlang",
        "type": "github"
      }
    },
    "hyprlauncher": {
      "inputs": {
        "aquamarine": "aquamarine",
        "hyprgraphics": "hyprgraphics",
        "hyprlang": "hyprlang",
        "hyprtoolkit": "hyprtoolkit",
        "hyprutils": "hyprutils",
        "hyprwayland-scanner": "hyprwayland-scanner",
        "hyprwire": "hyprwire",
        "nixpkgs": "nixpkgs",
        "systems": "systems"
      },
      "locked": {
        "lastModified": 1766862990,
        "narHash": "sha256-aaoWR90gScXAFegjE0rt7CuWTQfoIBGhPkCFg9IA0Xg=",
        "owner": "hyprwm",
        "repo": "hyprlauncher",
        "rev": "b1c57b33cc8b069bad1b256010c3bc9bb93760a0",
        "type": "github"
      },
      "original": {
        "owner": "hyprwm",
        "repo": "hyprlauncher",
        "type": "github"
      }
    },
    "hyprtoolkit": {
      "inputs": {
        "aquamarine": [
          "hyprlauncher",
          "aquamarine"
        ],
        "hyprgraphics": [
          "hyprlauncher",
          "hyprgraphics"
        ],
        "hyprlang": "hyprlang_2",
        "hyprutils": [
          "hyprlauncher",
          "hyprutils"
        ],
        "hyprwayland-scanner": [
          "hyprlauncher",
          "hyprwayland-scanner"
        ],
        "nixpkgs": [
          "hyprlauncher",
          "nixpkgs"
        ],
        "systems": [
          "hyprlauncher",
          "systems"
        ]
      },
      "locked": {
        "lastModified": 1762779491,
        "narHash": "sha256-M+mlYKvzqW+TSoJ4MH9U+HcFoUmWc1etiXehyLEVB2M=",
        "owner": "hyprwm",
        "repo": "hyprtoolkit",
        "rev": "2af07d3fd4d165caee160aab96810c54d81e88c2",
        "type": "github"
      },
      "original": {
        "owner": "hyprwm",
        "repo": "hyprtoolkit",
        "type": "github"
      }
    },
    "hyprtoolkit_2": {
      "inputs": {
        "aquamarine": "aquamarine_2",
        "hyprgraphics": "hyprgraphics_2",
        "hyprlang": "hyprlang_3",
        "hyprutils": "hyprutils_2",
        "hyprwayland-scanner": "hyprwayland-scanner_2",
        "nixpkgs": "nixpkgs_2",
        "systems": "systems_2"
      },
      "locked": {
        "lastModified": 1766947125,
        "narHash": "sha256-biKJ0tOIeGZDfL/4VmFLK6533LypZCsE4N340ghpBW4=",
        "owner": "hyprwm",
        "repo": "hyprtoolkit",
        "rev": "a9ee1176d056db78253e328fd338ecc4e44d1a58",
        "type": "github"
      },
      "original": {
        "owner": "hyprwm",
        "repo": "hyprtoolkit",
        "type": "github"
      }
    },
    "hyprutils": {
      "inputs": {
        "nixpkgs": [
          "hyprlauncher",
          "nixpkgs"
        ],
        "systems": [
          "hyprlauncher",
          "systems"
        ]
      },
      "locked": {
        "lastModified": 1762812168,
        "narHash": "sha256-pY+dUqi2AYpH0HHT2JFzt1qWoJQBWtBdzzcL1ZK5Mwo=",
        "owner": "hyprwm",
        "repo": "hyprutils",
        "rev": "cb3e797fde5c748164eb70d9859336141136a166",
        "type": "github"
      },
      "original": {
        "owner": "hyprwm",
        "repo": "hyprutils",
        "type": "github"
      }
    },
    "hyprutils_2": {
      "inputs": {
        "nixpkgs": [
          "hyprtoolkit",
          "nixpkgs"
        ],
        "systems": [
          "hyprtoolkit",
          "systems"
        ]
      },
      "locked": {
        "lastModified": 1764962281,
        "narHash": "sha256-rGbEMhTTyTzw4iyz45lch5kXseqnqcEpmrHdy+zHsfo=",
        "owner": "hyprwm",
        "repo": "hyprutils",
        "rev": "fe686486ac867a1a24f99c753bb40ffed338e4b0",
        "type": "github"
      },
      "original": {
        "owner": "hyprwm",
        "repo": "hyprutils",
        "type": "github"
      }
    },
    "hyprwayland-scanner": {
      "inputs": {
        "nixpkgs": [
          "hyprlauncher",
          "nixpkgs"
        ],
        "systems": [
          "hyprlauncher",
          "systems"
        ]
      },
      "locked": {
        "lastModified": 1755184602,
        "narHash": "sha256-RCBQN8xuADB0LEgaKbfRqwm6CdyopE1xIEhNc67FAbw=",
        "owner": "hyprwm",
        "repo": "hyprwayland-scanner",
        "rev": "b3b0f1f40ae09d4447c20608e5a4faf8bf3c492d",
        "type": "github"
      },
      "original": {
        "owner": "hyprwm",
        "repo": "hyprwayland-scanner",
        "type": "github"
      }
    },
    "hyprwayland-scanner_2": {
      "inputs": {
        "nixpkgs": [
          "hyprtoolkit",
          "nixpkgs"
        ],
        "systems": [
          "hyprtoolkit",
          "systems"
        ]
      },
      "locked": {
        "lastModified": 1755184602,
        "narHash": "sha256-RCBQN8xuADB0LEgaKbfRqwm6CdyopE1xIEhNc67FAbw=",
        "owner": "hyprwm",
        "repo": "hyprwayland-scanner",
        "rev": "b3b0f1f40ae09d4447c20608e5a4faf8bf3c492d",
        "type": "github"
      },
      "original": {
        "owner": "hyprwm",
        "repo": "hyprwayland-scanner",
        "type": "github"
      }
    },
    "hyprwire": {
      "inputs": {
        "hyprutils": [
          "hyprlauncher",
          "hyprutils"
        ],
        "nixpkgs": [
          "hyprlauncher",
          "nixpkgs"
        ],
        "systems": [
          "hyprlauncher",
          "systems"
        ]
      },
      "locked": {
        "lastModified": 1761653508,
        "narHash": "sha256-EoLyrxFJVr7igDhhVNRk2rRpEEOJllRWvYg5XZ3J5y0=",
        "owner": "hyprwm",
        "repo": "hyprwire",
        "rev": "a5946085ab7705d7b75b77a91ce8fca7faf0dc34",
        "type": "github"
      },
      "original": {
        "owner": "hyprwm",
        "repo": "hyprwire",
        "type": "github"
      }
    },
    "nixpkgs": {
      "locked": {
        "lastModified": 1762596750,
        "narHash": "sha256-rXXuz51Bq7DHBlfIjN7jO8Bu3du5TV+3DSADBX7/9YQ=",
        "owner": "NixOS",
        "repo": "nixpkgs",
        "rev": "b6a8526db03f735b89dd5ff348f53f752e7ddc8e",
        "type": "github"
      },
      "original": {
        "owner": "NixOS",
        "ref": "nixos-unstable",
        "repo": "nixpkgs",
        "type": "github"
      }
    },
    "nixpkgsStable": {
      "locked": {
        "lastModified": 1766687554,
        "narHash": "sha256-DegN7KD/EtFSKXf2jvqL6lvev6GlfAAatYBcRC8goEo=",
        "owner": "nixos",
        "repo": "nixpkgs",
        "rev": "fd0ca39c92fdb4012ed8d60e1683c26fddadd136",
        "type": "github"
      },
      "original": {
        "owner": "nixos",
        "ref": "nixos-25.05",
        "repo": "nixpkgs",
        "type": "github"
      }
    },
    "nixpkgs_2": {
      "locked": {
        "lastModified": 1762363567,
        "narHash": "sha256-YRqMDEtSMbitIMj+JLpheSz0pwEr0Rmy5mC7myl17xs=",
        "owner": "NixOS",
        "repo": "nixpkgs",
        "rev": "ae814fd3904b621d8ab97418f1d0f2eb0d3716f4",
        "type": "github"
      },
      "original": {
        "owner": "NixOS",
        "ref": "nixos-unstable",
        "repo": "nixpkgs",
        "type": "github"
      }
    },
    "nixpkgs_3": {
      "locked": {
        "lastModified": 1766651565,
        "narHash": "sha256-QEhk0eXgyIqTpJ/ehZKg9IKS7EtlWxF3N7DXy42zPfU=",
        "owner": "NixOS",
        "repo": "nixpkgs",
        "rev": "3e2499d5539c16d0d173ba53552a4ff8547f4539",
        "type": "github"
      },
      "original": {
        "owner": "NixOS",
        "ref": "nixos-unstable",
        "repo": "nixpkgs",
        "type": "github"
      }
    },
    "root": {
      "inputs": {
        "home-manager": "home-manager",
        "hyprlauncher": "hyprlauncher",
        "hyprtoolkit": "hyprtoolkit_2",
        "nixpkgs": "nixpkgs_3",
        "nixpkgsStable": "nixpkgsStable"
      }
    },
    "systems": {
      "locked": {
        "lastModified": 1689347949,
        "narHash": "sha256-12tWmuL2zgBgZkdoB6qXZsgJEH9LR3oUgpaQq2RbI80=",
        "owner": "nix-systems",
        "repo": "default-linux",
        "rev": "31732fcf5e8fea42e59c2488ad31a0e651500f68",
        "type": "github"
      },
      "original": {
        "owner": "nix-systems",
        "repo": "default-linux",
        "type": "github"
      }
    },
    "systems_2": {
      "locked": {
        "lastModified": 1689347949,
        "narHash": "sha256-12tWmuL2zgBgZkdoB6qXZsgJEH9LR3oUgpaQq2RbI80=",
        "owner": "nix-systems",
        "repo": "default-linux",
        "rev": "31732fcf5e8fea42e59c2488ad31a0e651500f68",
        "type": "github"
      },
      "original": {
        "owner": "nix-systems",
        "repo": "default-linux",
        "type": "github"
      }
    }
  },
  "root": "root",
  "version": 7
}
